
Microsoft Visual Studio Solution File, Format Version 12.00
# Visual Studio Version 16
VisualStudioVersion = 16.0.30413.136
MinimumVisualStudioVersion = 10.0.40219.1
Project("{8BC9CEB8-8B4A-11D0-8D11-00A0C91BC942}") = "SetOperations", "SetOperations\SetOperations.vcxproj", "{265185B9-56F2-4CEE-BD16-BA11D4914410}"
EndProject
Global
	GlobalSection(SolutionConfigurationPlatforms) = preSolution
		Debug|x64 = Debug|x64
		Debug|x86 = Debug|x86
		Release|x64 = Release|x64
		Release|x86 = Release|x86
	EndGlobalSection
	GlobalSection(ProjectConfigurationPlatforms) = postSolution
		{265185B9-56F2-4CEE-BD16-BA11D4914410}.Debug|x64.ActiveCfg = Debug|x64
		{265185B9-56F2-4CEE-BD16-BA11D4914410}.Debug|x64.Build.0 = Debug|x64
		{265185B9-56F2-4CEE-BD16-BA11D4914410}.Debug|x86.ActiveCfg = Debug|Win32
		{265185B9-56F2-4CEE-BD16-BA11D4914410}.Debug|x86.Build.0 = Debug|Win32
		{265185B9-56F2-4CEE-BD16-BA11D4914410}.Release|x64.ActiveCfg = Release|x64
		{265185B9-56F2-4CEE-BD16-BA11D4914410}.Release|x64.Build.0 = Release|x64
		{265185B9-56F2-4CEE-BD16-BA11D4914410}.Release|x86.ActiveCfg = Release|Win32
		{265185B9-56F2-4CEE-BD16-BA11D4914410}.Release|x86.Build.0 = Release|Win32
	EndGlobalSection
	GlobalSection(SolutionProperties) = preSolution
		HideSolutionNode = FALSE
	EndGlobalSection
	GlobalSection(ExtensibilityGlobals) = postSolution
		SolutionGuid = {FC82F580-43F9-4A66-B834-2A8D4B8F0322}
	EndGlobalSection
EndGlobal
